
Microsoft Visual Studio Solution File, Format Version 12.00
# Visual Studio Version 16
VisualStudioVersion = 16.0.31624.102
MinimumVisualStudioVersion = 10.0.40219.1
Project("{9A19103F-16F7-4668-BE54-9A1E7A4F7556}") = "OgeSharp", "OgeSharp\OgeSharp.csproj", "{9A4D4029-1455-44F3-AB02-CE7E6CEBEDBB}"
EndProject
Project("{9A19103F-16F7-4668-BE54-9A1E7A4F7556}") = "UnigeWebUtility", "UnigeWebUtility\UnigeWebUtility.csproj", "{3568E75E-90CB-4A03-B2E3-D8F413ABF68E}"
EndProject
Project("{9A19103F-16F7-4668-BE54-9A1E7A4F7556}") = "UnigeSoftware", "UnigeSoftware\UnigeSoftware.csproj", "{991CA739-1B61-4D43-B7BF-88840944C08C}"
EndProject
Global
	GlobalSection(SolutionConfigurationPlatforms) = preSolution
		Debug|Any CPU = Debug|Any CPU
		Release|Any CPU = Release|Any CPU
	EndGlobalSection
	GlobalSection(ProjectConfigurationPlatforms) = postSolution
		{9A4D4029-1455-44F3-AB02-CE7E6CEBEDBB}.Debug|Any CPU.ActiveCfg = Debug|Any CPU
		{9A4D4029-1455-44F3-AB02-CE7E6CEBEDBB}.Debug|Any CPU.Build.0 = Debug|Any CPU
		{9A4D4029-1455-44F3-AB02-CE7E6CEBEDBB}.Release|Any CPU.ActiveCfg = Release|Any CPU
		{9A4D4029-1455-44F3-AB02-CE7E6CEBEDBB}.Release|Any CPU.Build.0 = Release|Any CPU
		{3568E75E-90CB-4A03-B2E3-D8F413ABF68E}.Debug|Any CPU.ActiveCfg = Debug|Any CPU
		{3568E75E-90CB-4A03-B2E3-D8F413ABF68E}.Debug|Any CPU.Build.0 = Debug|Any CPU
		{3568E75E-90CB-4A03-B2E3-D8F413ABF68E}.Release|Any CPU.ActiveCfg = Release|Any CPU
		{3568E75E-90CB-4A03-B2E3-D8F413ABF68E}.Release|Any CPU.Build.0 = Release|Any CPU
		{991CA739-1B61-4D43-B7BF-88840944C08C}.Debug|Any CPU.ActiveCfg = Debug|Any CPU
		{991CA739-1B61-4D43-B7BF-88840944C08C}.Debug|Any CPU.Build.0 = Debug|Any CPU
		{991CA739-1B61-4D43-B7BF-88840944C08C}.Release|Any CPU.ActiveCfg = Release|Any CPU
		{991CA739-1B61-4D43-B7BF-88840944C08C}.Release|Any CPU.Build.0 = Release|Any CPU
	EndGlobalSection
	GlobalSection(SolutionProperties) = preSolution
		HideSolutionNode = FALSE
	EndGlobalSection
	GlobalSection(ExtensibilityGlobals) = postSolution
		SolutionGuid = {9C242332-3362-49EB-8C10-4E11171BD740}
	EndGlobalSection
EndGlobal
